
Microsoft Visual Studio Solution File, Format Version 12.00
# Visual Studio Version 17
VisualStudioVersion = 17.9.34714.143
MinimumVisualStudioVersion = 10.0.40219.1
Project("{9A19103F-16F7-4668-BE54-9A1E7A4F7556}") = "tnt.reflection", "tnt.reflection\tnt.reflection.csproj", "{95EA22C9-2983-4110-8543-A4711133C1C6}"
EndProject
Project("{9A19103F-16F7-4668-BE54-9A1E7A4F7556}") = "NUnitTests", "NUnitTests\NUnitTests.csproj", "{1FCCB5A0-F07B-4DEC-A0DE-F27BE3C5081B}"
EndProject
Global
	GlobalSection(SolutionConfigurationPlatforms) = preSolution
		Debug|Any CPU = Debug|Any CPU
		Release|Any CPU = Release|Any CPU
	EndGlobalSection
	GlobalSection(ProjectConfigurationPlatforms) = postSolution
		{95EA22C9-2983-4110-8543-A4711133C1C6}.Debug|Any CPU.ActiveCfg = Debug|Any CPU
		{95EA22C9-2983-4110-8543-A4711133C1C6}.Debug|Any CPU.Build.0 = Debug|Any CPU
		{95EA22C9-2983-4110-8543-A4711133C1C6}.Release|Any CPU.ActiveCfg = Release|Any CPU
		{95EA22C9-2983-4110-8543-A4711133C1C6}.Release|Any CPU.Build.0 = Release|Any CPU
		{1FCCB5A0-F07B-4DEC-A0DE-F27BE3C5081B}.Debug|Any CPU.ActiveCfg = Debug|Any CPU
		{1FCCB5A0-F07B-4DEC-A0DE-F27BE3C5081B}.Debug|Any CPU.Build.0 = Debug|Any CPU
		{1FCCB5A0-F07B-4DEC-A0DE-F27BE3C5081B}.Release|Any CPU.ActiveCfg = Release|Any CPU
		{1FCCB5A0-F07B-4DEC-A0DE-F27BE3C5081B}.Release|Any CPU.Build.0 = Release|Any CPU
	EndGlobalSection
	GlobalSection(SolutionProperties) = preSolution
		HideSolutionNode = FALSE
	EndGlobalSection
	GlobalSection(ExtensibilityGlobals) = postSolution
		SolutionGuid = {09CC82FF-02DC-45D4-A6A7-C0B932C8A08D}
	EndGlobalSection
EndGlobal
